
Microsoft Visual Studio Solution File, Format Version 12.00
# Visual Studio Version 17
VisualStudioVersion = 17.9.34616.47
MinimumVisualStudioVersion = 10.0.40219.1
Project("{FAE04EC0-301F-11D3-BF4B-00C04F79EFBC}") = "Fundamentos.CSharp.Cap01.SintaxeBase", "Fundamentos.CSharp.Cap01.SintaxeBase.csproj", "{2225BFE8-0600-48D9-B756-6C85680A13B5}"
EndProject
Global
	GlobalSection(SolutionConfigurationPlatforms) = preSolution
		Debug|Any CPU = Debug|Any CPU
		Release|Any CPU = Release|Any CPU
	EndGlobalSection
	GlobalSection(ProjectConfigurationPlatforms) = postSolution
		{2225BFE8-0600-48D9-B756-6C85680A13B5}.Debug|Any CPU.ActiveCfg = Debug|Any CPU
		{2225BFE8-0600-48D9-B756-6C85680A13B5}.Debug|Any CPU.Build.0 = Debug|Any CPU
		{2225BFE8-0600-48D9-B756-6C85680A13B5}.Release|Any CPU.ActiveCfg = Release|Any CPU
		{2225BFE8-0600-48D9-B756-6C85680A13B5}.Release|Any CPU.Build.0 = Release|Any CPU
	EndGlobalSection
	GlobalSection(SolutionProperties) = preSolution
		HideSolutionNode = FALSE
	EndGlobalSection
	GlobalSection(ExtensibilityGlobals) = postSolution
		SolutionGuid = {8D7AA429-7A92-4087-99B1-9976E58599BC}
	EndGlobalSection
EndGlobal
